
Microsoft Visual Studio Solution File, Format Version 12.00
# Visual Studio Version 16
VisualStudioVersion = 16.0.31424.327
MinimumVisualStudioVersion = 10.0.40219.1
Project("{9A19103F-16F7-4668-BE54-9A1E7A4F7556}") = "DaprTest.OrderApi", "DaprTest.OrderApi\DaprTest.OrderApi.csproj", "{78190BB2-8BD6-4FE8-894B-F95AFA6CFB65}"
EndProject
Project("{9A19103F-16F7-4668-BE54-9A1E7A4F7556}") = "DaprTest.ProductApi", "DaprTest.ProductApi\DaprTest.ProductApi.csproj", "{7189D999-8DC0-4884-9B4B-6925064D8D49}"
EndProject
Project("{E53339B2-1760-4266-BCC7-CA923CBCF16C}") = "docker-compose", "docker-compose.dcproj", "{0D92F6A4-8013-4652-A35E-2B6E6D477EE5}"
EndProject
Project("{2150E333-8FDC-42A3-9474-1A3956D46DE8}") = "dapr", "dapr", "{30E64317-A35D-4C2E-A0DC-FC9FE55DC9E4}"
EndProject
Project("{2150E333-8FDC-42A3-9474-1A3956D46DE8}") = "components", "components", "{0570A0D5-C4C1-4D6B-9637-76733FE23983}"
	ProjectSection(SolutionItems) = preProject
		dapr\components\eshop-pubsub.yaml = dapr\components\eshop-pubsub.yaml
		dapr\components\eshop-statestore.yaml = dapr\components\eshop-statestore.yaml
	EndProjectSection
EndProject
Project("{2150E333-8FDC-42A3-9474-1A3956D46DE8}") = "configuration", "configuration", "{639951B7-A218-450F-8876-6C6E4C7F4BAA}"
	ProjectSection(SolutionItems) = preProject
		dapr\configuration\eshop-config.yaml = dapr\configuration\eshop-config.yaml
	EndProjectSection
EndProject
Project("{2150E333-8FDC-42A3-9474-1A3956D46DE8}") = "src", "src", "{C09ACDAF-3BA9-45A2-8A2C-BF1335B79269}"
EndProject
Project("{9A19103F-16F7-4668-BE54-9A1E7A4F7556}") = "DaprTest.Domain", "DaprTest.Domain\DaprTest.Domain.csproj", "{0AE1CE71-E9A8-4966-AB01-E6DDD13F91ED}"
EndProject
Project("{9A19103F-16F7-4668-BE54-9A1E7A4F7556}") = "DaprTest.MemberApi", "DaprTest.MemberApi\DaprTest.MemberApi.csproj", "{36360292-8BB0-4CB4-99BC-FBAAAD9FF339}"
EndProject
Project("{9A19103F-16F7-4668-BE54-9A1E7A4F7556}") = "DaprTest.Application", "DaprTest.Application\DaprTest.Application.csproj", "{A96EB423-354D-491F-8C5A-B8793DFB1584}"
EndProject
Project("{9A19103F-16F7-4668-BE54-9A1E7A4F7556}") = "DaprTest.Common", "DaprTest.Common\DaprTest.Common.csproj", "{DF69DDA7-AB10-4801-8F83-1CAB1B6F519C}"
EndProject
Project("{9A19103F-16F7-4668-BE54-9A1E7A4F7556}") = "DaprTest.EFCore", "DaprTest.EFCore\DaprTest.EFCore.csproj", "{1AD509B4-1934-4A19-A0A1-8CFF972D22FC}"
EndProject
Project("{2150E333-8FDC-42A3-9474-1A3956D46DE8}") = "services", "services", "{B2CF826F-FE8C-4CC1-92AD-D20155984CB8}"
EndProject
Project("{2150E333-8FDC-42A3-9474-1A3956D46DE8}") = "web", "web", "{0DC5ECEB-625E-449F-AF52-E18C98385B6E}"
EndProject
Project("{9A19103F-16F7-4668-BE54-9A1E7A4F7556}") = "DaprTest.IdentityServer", "DaprTest.IdentityServer\DaprTest.IdentityServer.csproj", "{8A8063E6-F3F0-441F-AA84-28D243748B5C}"
EndProject
Project("{9A19103F-16F7-4668-BE54-9A1E7A4F7556}") = "DaprTest.UI.Admin", "DaprTest.UI.Admin\DaprTest.UI.Admin.csproj", "{156029BC-9F60-49F6-9079-A700306BAF8A}"
EndProject
Project("{9A19103F-16F7-4668-BE54-9A1E7A4F7556}") = "DaprTest.UI.JS", "DaprTest.UI.JS\DaprTest.UI.JS.csproj", "{2FE3CF1D-19BF-459E-912D-6B07E4EF0EE9}"
EndProject
Project("{2150E333-8FDC-42A3-9474-1A3956D46DE8}") = "gateway", "gateway", "{60A3D8E0-6030-448F-926C-BDB7D3C8F3BF}"
EndProject
Project("{2150E333-8FDC-42A3-9474-1A3956D46DE8}") = "nginxgateway", "nginxgateway", "{DFC81137-AFAC-40A7-B30D-E73EE31FCA7B}"
	ProjectSection(SolutionItems) = preProject
		gateway\nginxgateway\Dockerfile = gateway\nginxgateway\Dockerfile
	EndProjectSection
EndProject
Project("{2150E333-8FDC-42A3-9474-1A3956D46DE8}") = "framework", "framework", "{828C1BA6-BFCD-4861-BF15-0F749FC940DF}"
EndProject
Project("{9A19103F-16F7-4668-BE54-9A1E7A4F7556}") = "DaprTest.PayApi", "DaprTest.PayApi\DaprTest.PayApi.csproj", "{B6E7D46A-B25B-4501-8346-B8F8E2796710}"
EndProject
Project("{9A19103F-16F7-4668-BE54-9A1E7A4F7556}") = "DaprTest.StoreApi", "DaprTest.StoreApi\DaprTest.StoreApi.csproj", "{94B97886-0B6C-4894-A11C-AD396A6C0770}"
EndProject
Project("{9A19103F-16F7-4668-BE54-9A1E7A4F7556}") = "DaprTest.TenantApi", "DaprTest.TenantApi\DaprTest.TenantApi.csproj", "{CA14657E-F5CF-482E-AB82-079F537EFCC1}"
EndProject
Global
	GlobalSection(SolutionConfigurationPlatforms) = preSolution
		Debug|Any CPU = Debug|Any CPU
		Release|Any CPU = Release|Any CPU
	EndGlobalSection
	GlobalSection(ProjectConfigurationPlatforms) = postSolution
		{78190BB2-8BD6-4FE8-894B-F95AFA6CFB65}.Debug|Any CPU.ActiveCfg = Debug|Any CPU
		{78190BB2-8BD6-4FE8-894B-F95AFA6CFB65}.Debug|Any CPU.Build.0 = Debug|Any CPU
		{78190BB2-8BD6-4FE8-894B-F95AFA6CFB65}.Release|Any CPU.ActiveCfg = Release|Any CPU
		{78190BB2-8BD6-4FE8-894B-F95AFA6CFB65}.Release|Any CPU.Build.0 = Release|Any CPU
		{7189D999-8DC0-4884-9B4B-6925064D8D49}.Debug|Any CPU.ActiveCfg = Debug|Any CPU
		{7189D999-8DC0-4884-9B4B-6925064D8D49}.Debug|Any CPU.Build.0 = Debug|Any CPU
		{7189D999-8DC0-4884-9B4B-6925064D8D49}.Release|Any CPU.ActiveCfg = Release|Any CPU
		{7189D999-8DC0-4884-9B4B-6925064D8D49}.Release|Any CPU.Build.0 = Release|Any CPU
		{0D92F6A4-8013-4652-A35E-2B6E6D477EE5}.Debug|Any CPU.ActiveCfg = Debug|Any CPU
		{0D92F6A4-8013-4652-A35E-2B6E6D477EE5}.Debug|Any CPU.Build.0 = Debug|Any CPU
		{0D92F6A4-8013-4652-A35E-2B6E6D477EE5}.Release|Any CPU.ActiveCfg = Release|Any CPU
		{0D92F6A4-8013-4652-A35E-2B6E6D477EE5}.Release|Any CPU.Build.0 = Release|Any CPU
		{0AE1CE71-E9A8-4966-AB01-E6DDD13F91ED}.Debug|Any CPU.ActiveCfg = Debug|Any CPU
		{0AE1CE71-E9A8-4966-AB01-E6DDD13F91ED}.Debug|Any CPU.Build.0 = Debug|Any CPU
		{0AE1CE71-E9A8-4966-AB01-E6DDD13F91ED}.Release|Any CPU.ActiveCfg = Release|Any CPU
		{0AE1CE71-E9A8-4966-AB01-E6DDD13F91ED}.Release|Any CPU.Build.0 = Release|Any CPU
		{36360292-8BB0-4CB4-99BC-FBAAAD9FF339}.Debug|Any CPU.ActiveCfg = Debug|Any CPU
		{36360292-8BB0-4CB4-99BC-FBAAAD9FF339}.Debug|Any CPU.Build.0 = Debug|Any CPU
		{36360292-8BB0-4CB4-99BC-FBAAAD9FF339}.Release|Any CPU.ActiveCfg = Release|Any CPU
		{36360292-8BB0-4CB4-99BC-FBAAAD9FF339}.Release|Any CPU.Build.0 = Release|Any CPU
		{A96EB423-354D-491F-8C5A-B8793DFB1584}.Debug|Any CPU.ActiveCfg = Debug|Any CPU
		{A96EB423-354D-491F-8C5A-B8793DFB1584}.Debug|Any CPU.Build.0 = Debug|Any CPU
		{A96EB423-354D-491F-8C5A-B8793DFB1584}.Release|Any CPU.ActiveCfg = Release|Any CPU
		{A96EB423-354D-491F-8C5A-B8793DFB1584}.Release|Any CPU.Build.0 = Release|Any CPU
		{DF69DDA7-AB10-4801-8F83-1CAB1B6F519C}.Debug|Any CPU.ActiveCfg = Debug|Any CPU
		{DF69DDA7-AB10-4801-8F83-1CAB1B6F519C}.Debug|Any CPU.Build.0 = Debug|Any CPU
		{DF69DDA7-AB10-4801-8F83-1CAB1B6F519C}.Release|Any CPU.ActiveCfg = Release|Any CPU
		{DF69DDA7-AB10-4801-8F83-1CAB1B6F519C}.Release|Any CPU.Build.0 = Release|Any CPU
		{1AD509B4-1934-4A19-A0A1-8CFF972D22FC}.Debug|Any CPU.ActiveCfg = Debug|Any CPU
		{1AD509B4-1934-4A19-A0A1-8CFF972D22FC}.Debug|Any CPU.Build.0 = Debug|Any CPU
		{1AD509B4-1934-4A19-A0A1-8CFF972D22FC}.Release|Any CPU.ActiveCfg = Release|Any CPU
		{1AD509B4-1934-4A19-A0A1-8CFF972D22FC}.Release|Any CPU.Build.0 = Release|Any CPU
		{8A8063E6-F3F0-441F-AA84-28D243748B5C}.Debug|Any CPU.ActiveCfg = Debug|Any CPU
		{8A8063E6-F3F0-441F-AA84-28D243748B5C}.Debug|Any CPU.Build.0 = Debug|Any CPU
		{8A8063E6-F3F0-441F-AA84-28D243748B5C}.Release|Any CPU.ActiveCfg = Release|Any CPU
		{8A8063E6-F3F0-441F-AA84-28D243748B5C}.Release|Any CPU.Build.0 = Release|Any CPU
		{156029BC-9F60-49F6-9079-A700306BAF8A}.Debug|Any CPU.ActiveCfg = Debug|Any CPU
		{156029BC-9F60-49F6-9079-A700306BAF8A}.Debug|Any CPU.Build.0 = Debug|Any CPU
		{156029BC-9F60-49F6-9079-A700306BAF8A}.Release|Any CPU.ActiveCfg = Release|Any CPU
		{156029BC-9F60-49F6-9079-A700306BAF8A}.Release|Any CPU.Build.0 = Release|Any CPU
		{2FE3CF1D-19BF-459E-912D-6B07E4EF0EE9}.Debug|Any CPU.ActiveCfg = Debug|Any CPU
		{2FE3CF1D-19BF-459E-912D-6B07E4EF0EE9}.Debug|Any CPU.Build.0 = Debug|Any CPU
		{2FE3CF1D-19BF-459E-912D-6B07E4EF0EE9}.Release|Any CPU.ActiveCfg = Release|Any CPU
		{2FE3CF1D-19BF-459E-912D-6B07E4EF0EE9}.Release|Any CPU.Build.0 = Release|Any CPU
		{B6E7D46A-B25B-4501-8346-B8F8E2796710}.Debug|Any CPU.ActiveCfg = Debug|Any CPU
		{B6E7D46A-B25B-4501-8346-B8F8E2796710}.Debug|Any CPU.Build.0 = Debug|Any CPU
		{B6E7D46A-B25B-4501-8346-B8F8E2796710}.Release|Any CPU.ActiveCfg = Release|Any CPU
		{B6E7D46A-B25B-4501-8346-B8F8E2796710}.Release|Any CPU.Build.0 = Release|Any CPU
		{94B97886-0B6C-4894-A11C-AD396A6C0770}.Debug|Any CPU.ActiveCfg = Debug|Any CPU
		{94B97886-0B6C-4894-A11C-AD396A6C0770}.Debug|Any CPU.Build.0 = Debug|Any CPU
		{94B97886-0B6C-4894-A11C-AD396A6C0770}.Release|Any CPU.ActiveCfg = Release|Any CPU
		{94B97886-0B6C-4894-A11C-AD396A6C0770}.Release|Any CPU.Build.0 = Release|Any CPU
		{CA14657E-F5CF-482E-AB82-079F537EFCC1}.Debug|Any CPU.ActiveCfg = Debug|Any CPU
		{CA14657E-F5CF-482E-AB82-079F537EFCC1}.Debug|Any CPU.Build.0 = Debug|Any CPU
		{CA14657E-F5CF-482E-AB82-079F537EFCC1}.Release|Any CPU.ActiveCfg = Release|Any CPU
		{CA14657E-F5CF-482E-AB82-079F537EFCC1}.Release|Any CPU.Build.0 = Release|Any CPU
	EndGlobalSection
	GlobalSection(SolutionProperties) = preSolution
		HideSolutionNode = FALSE
	EndGlobalSection
	GlobalSection(NestedProjects) = preSolution
		{78190BB2-8BD6-4FE8-894B-F95AFA6CFB65} = {B2CF826F-FE8C-4CC1-92AD-D20155984CB8}
		{7189D999-8DC0-4884-9B4B-6925064D8D49} = {B2CF826F-FE8C-4CC1-92AD-D20155984CB8}
		{0570A0D5-C4C1-4D6B-9637-76733FE23983} = {30E64317-A35D-4C2E-A0DC-FC9FE55DC9E4}
		{639951B7-A218-450F-8876-6C6E4C7F4BAA} = {30E64317-A35D-4C2E-A0DC-FC9FE55DC9E4}
		{0AE1CE71-E9A8-4966-AB01-E6DDD13F91ED} = {828C1BA6-BFCD-4861-BF15-0F749FC940DF}
		{36360292-8BB0-4CB4-99BC-FBAAAD9FF339} = {B2CF826F-FE8C-4CC1-92AD-D20155984CB8}
		{A96EB423-354D-491F-8C5A-B8793DFB1584} = {828C1BA6-BFCD-4861-BF15-0F749FC940DF}
		{DF69DDA7-AB10-4801-8F83-1CAB1B6F519C} = {828C1BA6-BFCD-4861-BF15-0F749FC940DF}
		{1AD509B4-1934-4A19-A0A1-8CFF972D22FC} = {828C1BA6-BFCD-4861-BF15-0F749FC940DF}
		{B2CF826F-FE8C-4CC1-92AD-D20155984CB8} = {C09ACDAF-3BA9-45A2-8A2C-BF1335B79269}
		{0DC5ECEB-625E-449F-AF52-E18C98385B6E} = {C09ACDAF-3BA9-45A2-8A2C-BF1335B79269}
		{8A8063E6-F3F0-441F-AA84-28D243748B5C} = {0DC5ECEB-625E-449F-AF52-E18C98385B6E}
		{156029BC-9F60-49F6-9079-A700306BAF8A} = {0DC5ECEB-625E-449F-AF52-E18C98385B6E}
		{2FE3CF1D-19BF-459E-912D-6B07E4EF0EE9} = {0DC5ECEB-625E-449F-AF52-E18C98385B6E}
		{60A3D8E0-6030-448F-926C-BDB7D3C8F3BF} = {C09ACDAF-3BA9-45A2-8A2C-BF1335B79269}
		{DFC81137-AFAC-40A7-B30D-E73EE31FCA7B} = {60A3D8E0-6030-448F-926C-BDB7D3C8F3BF}
		{828C1BA6-BFCD-4861-BF15-0F749FC940DF} = {C09ACDAF-3BA9-45A2-8A2C-BF1335B79269}
		{B6E7D46A-B25B-4501-8346-B8F8E2796710} = {B2CF826F-FE8C-4CC1-92AD-D20155984CB8}
		{94B97886-0B6C-4894-A11C-AD396A6C0770} = {B2CF826F-FE8C-4CC1-92AD-D20155984CB8}
		{CA14657E-F5CF-482E-AB82-079F537EFCC1} = {B2CF826F-FE8C-4CC1-92AD-D20155984CB8}
	EndGlobalSection
	GlobalSection(ExtensibilityGlobals) = postSolution
		SolutionGuid = {5EF2365C-CAC6-428F-BBF8-D4824E3B5A82}
	EndGlobalSection
EndGlobal
